
Microsoft Visual Studio Solution File, Format Version 12.00
# Visual Studio Version 17
VisualStudioVersion = 17.8.34316.72
MinimumVisualStudioVersion = 10.0.40219.1
Project("{9A19103F-16F7-4668-BE54-9A1E7A4F7556}") = "BlazorApp1", "BlazorApp1\BlazorApp1.csproj", "{52628F4C-5AB4-4CE9-A727-9D6F7CADCE8A}"
EndProject
Project("{9A19103F-16F7-4668-BE54-9A1E7A4F7556}") = "BlazorApp1.Client", "BlazorApp1.Client\BlazorApp1.Client.csproj", "{92EB86FE-E0C3-414F-916B-99ABAB0E0C1F}"
EndProject
Project("{9A19103F-16F7-4668-BE54-9A1E7A4F7556}") = "BlazorApp1.Shared", "BlazorApp1.Shared\BlazorApp1.Shared.csproj", "{76BE5DA6-37A9-47A8-9202-721EB429D35E}"
EndProject
Global
	GlobalSection(SolutionConfigurationPlatforms) = preSolution
		Debug|Any CPU = Debug|Any CPU
		Release|Any CPU = Release|Any CPU
	EndGlobalSection
	GlobalSection(ProjectConfigurationPlatforms) = postSolution
		{52628F4C-5AB4-4CE9-A727-9D6F7CADCE8A}.Debug|Any CPU.ActiveCfg = Debug|Any CPU
		{52628F4C-5AB4-4CE9-A727-9D6F7CADCE8A}.Debug|Any CPU.Build.0 = Debug|Any CPU
		{52628F4C-5AB4-4CE9-A727-9D6F7CADCE8A}.Release|Any CPU.ActiveCfg = Release|Any CPU
		{52628F4C-5AB4-4CE9-A727-9D6F7CADCE8A}.Release|Any CPU.Build.0 = Release|Any CPU
		{92EB86FE-E0C3-414F-916B-99ABAB0E0C1F}.Debug|Any CPU.ActiveCfg = Debug|Any CPU
		{92EB86FE-E0C3-414F-916B-99ABAB0E0C1F}.Debug|Any CPU.Build.0 = Debug|Any CPU
		{92EB86FE-E0C3-414F-916B-99ABAB0E0C1F}.Release|Any CPU.ActiveCfg = Release|Any CPU
		{92EB86FE-E0C3-414F-916B-99ABAB0E0C1F}.Release|Any CPU.Build.0 = Release|Any CPU
		{76BE5DA6-37A9-47A8-9202-721EB429D35E}.Debug|Any CPU.ActiveCfg = Debug|Any CPU
		{76BE5DA6-37A9-47A8-9202-721EB429D35E}.Debug|Any CPU.Build.0 = Debug|Any CPU
		{76BE5DA6-37A9-47A8-9202-721EB429D35E}.Release|Any CPU.ActiveCfg = Release|Any CPU
		{76BE5DA6-37A9-47A8-9202-721EB429D35E}.Release|Any CPU.Build.0 = Release|Any CPU
	EndGlobalSection
	GlobalSection(SolutionProperties) = preSolution
		HideSolutionNode = FALSE
	EndGlobalSection
	GlobalSection(ExtensibilityGlobals) = postSolution
		SolutionGuid = {CE6A1752-F88B-4836-A95C-C7DEB432B943}
	EndGlobalSection
EndGlobal
